
Microsoft Visual Studio Solution File, Format Version 12.00
# Visual Studio Version 16
VisualStudioVersion = 16.0.31424.327
MinimumVisualStudioVersion = 10.0.40219.1
Project("{FAE04EC0-301F-11D3-BF4B-00C04F79EFBC}") = "MundoNews", "MundoNews\MundoNews.csproj", "{A80F6A88-9D3E-48B7-969F-B5D32A26E02E}"
EndProject
Global
	GlobalSection(SolutionConfigurationPlatforms) = preSolution
		Debug|Any CPU = Debug|Any CPU
		Release|Any CPU = Release|Any CPU
	EndGlobalSection
	GlobalSection(ProjectConfigurationPlatforms) = postSolution
		{A80F6A88-9D3E-48B7-969F-B5D32A26E02E}.Debug|Any CPU.ActiveCfg = Debug|Any CPU
		{A80F6A88-9D3E-48B7-969F-B5D32A26E02E}.Debug|Any CPU.Build.0 = Debug|Any CPU
		{A80F6A88-9D3E-48B7-969F-B5D32A26E02E}.Release|Any CPU.ActiveCfg = Release|Any CPU
		{A80F6A88-9D3E-48B7-969F-B5D32A26E02E}.Release|Any CPU.Build.0 = Release|Any CPU
	EndGlobalSection
	GlobalSection(SolutionProperties) = preSolution
		HideSolutionNode = FALSE
	EndGlobalSection
	GlobalSection(ExtensibilityGlobals) = postSolution
		SolutionGuid = {4BFCB8CE-60B7-4D64-9C71-0DE23EA8F6DF}
	EndGlobalSection
EndGlobal
